// !$*UTF8*$!
{
	archiveVersion = 1;
	classes = {
	};
	objectVersion = 46;
	objects = {

/* Begin PBXBuildFile section */
		2537D81A1B058B40007FEEE1 /* main.m in Sources */ = {isa = PBXBuildFile; fileRef = 2537D8191B058B40007FEEE1 /* main.m */; };
		2537D81D1B058B40007FEEE1 /* AppDelegate.m in Sources */ = {isa = PBXBuildFile; fileRef = 2537D81C1B058B40007FEEE1 /* AppDelegate.m */; };
		2537D8201B058B40007FEEE1 /* ViewController.m in Sources */ = {isa = PBXBuildFile; fileRef = 2537D81F1B058B40007FEEE1 /* ViewController.m */; };
		2537D8231B058B40007FEEE1 /* Main.storyboard in Resources */ = {isa = PBXBuildFile; fileRef = 2537D8211B058B40007FEEE1 /* Main.storyboard */; };
		2537D8251B058B40007FEEE1 /* Images.xcassets in Resources */ = {isa = PBXBuildFile; fileRef = 2537D8241B058B40007FEEE1 /* Images.xcassets */; };
		2537D8281B058B40007FEEE1 /* LaunchScreen.xib in Resources */ = {isa = PBXBuildFile; fileRef = 2537D8261B058B40007FEEE1 /* LaunchScreen.xib */; };
		2537D8341B058B40007FEEE1 /* rtyTests.m in Sources */ = {isa = PBXBuildFile; fileRef = 2537D8331B058B40007FEEE1 /* rtyTests.m */; };
		2537D8471B05A266007FEEE1 /* beastmaster.png in Resources */ = {isa = PBXBuildFile; fileRef = 2537D83E1B05A266007FEEE1 /* beastmaster.png */; };
		2537D8481B05A266007FEEE1 /* chaos_knight.png in Resources */ = {isa = PBXBuildFile; fileRef = 2537D83F1B05A266007FEEE1 /* chaos_knight.png */; };
		2537D8491B05A266007FEEE1 /* clinkz.png in Resources */ = {isa = PBXBuildFile; fileRef = 2537D8401B05A266007FEEE1 /* clinkz.png */; };
		2537D84A1B05A266007FEEE1 /* dragon_knight.png in Resources */ = {isa = PBXBuildFile; fileRef = 2537D8411B05A266007FEEE1 /* dragon_knight.png */; };
		2537D84B1B05A266007FEEE1 /* earthshaker.png in Resources */ = {isa = PBXBuildFile; fileRef = 2537D8421B05A266007FEEE1 /* earthshaker.png */; };
		2537D84C1B05A266007FEEE1 /* life_stealer.png in Resources */ = {isa = PBXBuildFile; fileRef = 2537D8431B05A266007FEEE1 /* life_stealer.png */; };
		2537D84D1B05A266007FEEE1 /* lina.png in Resources */ = {isa = PBXBuildFile; fileRef = 2537D8441B05A266007FEEE1 /* lina.png */; };
		2537D84E1B05A266007FEEE1 /* phoenix.png in Resources */ = {isa = PBXBuildFile; fileRef = 2537D8451B05A266007FEEE1 /* phoenix.png */; };
		2537D84F1B05A266007FEEE1 /* techies.png in Resources */ = {isa = PBXBuildFile; fileRef = 2537D8461B05A266007FEEE1 /* techies.png */; };
/* End PBXBuildFile section */

/* Begin PBXContainerItemProxy section */
		2537D82E1B058B40007FEEE1 /* PBXContainerItemProxy */ = {
			isa = PBXContainerItemProxy;
			containerPortal = 2537D80C1B058B40007FEEE1 /* Project object */;
			proxyType = 1;
			remoteGlobalIDString = 2537D8131B058B40007FEEE1;
			remoteInfo = rty;
		};
/* End PBXContainerItemProxy section */

/* Begin PBXFileReference section */
		2537D8141B058B40007FEEE1 /* rty.app */ = {isa = PBXFileReference; explicitFileType = wrapper.application; includeInIndex = 0; path = rty.app; sourceTree = BUILT_PRODUCTS_DIR; };
		2537D8181B058B40007FEEE1 /* Info.plist */ = {isa = PBXFileReference; lastKnownFileType = text.plist.xml; path = Info.plist; sourceTree = "<group>"; };
		2537D8191B058B40007FEEE1 /* main.m */ = {isa = PBXFileReference; lastKnownFileType = sourcecode.c.objc; path = main.m; sourceTree = "<group>"; };
		2537D81B1B058B40007FEEE1 /* AppDelegate.h */ = {isa = PBXFileReference; lastKnownFileType = sourcecode.c.h; path = AppDelegate.h; sourceTree = "<group>"; };
		2537D81C1B058B40007FEEE1 /* AppDelegate.m */ = {isa = PBXFileReference; lastKnownFileType = sourcecode.c.objc; path = AppDelegate.m; sourceTree = "<group>"; };
		2537D81E1B058B40007FEEE1 /* ViewController.h */ = {isa = PBXFileReference; lastKnownFileType = sourcecode.c.h; path = ViewController.h; sourceTree = "<group>"; };
		2537D81F1B058B40007FEEE1 /* ViewController.m */ = {isa = PBXFileReference; lastKnownFileType = sourcecode.c.objc; path = ViewController.m; sourceTree = "<group>"; };
		2537D8221B058B40007FEEE1 /* Base */ = {isa = PBXFileReference; lastKnownFileType = file.storyboard; name = Base; path = Base.lproj/Main.storyboard; sourceTree = "<group>"; };
		2537D8241B058B40007FEEE1 /* Images.xcassets */ = {isa = PBXFileReference; lastKnownFileType = folder.assetcatalog; path = Images.xcassets; sourceTree = "<group>"; };
		2537D8271B058B40007FEEE1 /* Base */ = {isa = PBXFileReference; lastKnownFileType = file.xib; name = Base; path = Base.lproj/LaunchScreen.xib; sourceTree = "<group>"; };
		2537D82D1B058B40007FEEE1 /* rtyTests.xctest */ = {isa = PBXFileReference; explicitFileType = wrapper.cfbundle; includeInIndex = 0; path = rtyTests.xctest; sourceTree = BUILT_PRODUCTS_DIR; };
		2537D8321B058B40007FEEE1 /* Info.plist */ = {isa = PBXFileReference; lastKnownFileType = text.plist.xml; path = Info.plist; sourceTree = "<group>"; };
		2537D8331B058B40007FEEE1 /* rtyTests.m */ = {isa = PBXFileReference; lastKnownFileType = sourcecode.c.objc; path = rtyTests.m; sourceTree = "<group>"; };
		2537D83E1B05A266007FEEE1 /* beastmaster.png */ = {isa = PBXFileReference; lastKnownFileType = image.png; path = beastmaster.png; sourceTree = "<group>"; };
		2537D83F1B05A266007FEEE1 /* chaos_knight.png */ = {isa = PBXFileReference; lastKnownFileType = image.png; path = chaos_knight.png; sourceTree = "<group>"; };
		2537D8401B05A266007FEEE1 /* clinkz.png */ = {isa = PBXFileReference; lastKnownFileType = image.png; path = clinkz.png; sourceTree = "<group>"; };
		2537D8411B05A266007FEEE1 /* dragon_knight.png */ = {isa = PBXFileReference; lastKnownFileType = image.png; path = dragon_knight.png; sourceTree = "<group>"; };
		2537D8421B05A266007FEEE1 /* earthshaker.png */ = {isa = PBXFileReference; lastKnownFileType = image.png; path = earthshaker.png; sourceTree = "<group>"; };
		2537D8431B05A266007FEEE1 /* life_stealer.png */ = {isa = PBXFileReference; lastKnownFileType = image.png; path = life_stealer.png; sourceTree = "<group>"; };
		2537D8441B05A266007FEEE1 /* lina.png */ = {isa = PBXFileReference; lastKnownFileType = image.png; path = lina.png; sourceTree = "<group>"; };
		2537D8451B05A266007FEEE1 /* phoenix.png */ = {isa = PBXFileReference; lastKnownFileType = image.png; path = phoenix.png; sourceTree = "<group>"; };
		2537D8461B05A266007FEEE1 /* techies.png */ = {isa = PBXFileReference; lastKnownFileType = image.png; path = techies.png; sourceTree = "<group>"; };
/* End PBXFileReference section */

/* Begin PBXFrameworksBuildPhase section */
		2537D8111B058B40007FEEE1 /* Frameworks */ = {
			isa = PBXFrameworksBuildPhase;
			buildActionMask = 2147483647;
			files = (
			);
			runOnlyForDeploymentPostprocessing = 0;
		};
		2537D82A1B058B40007FEEE1 /* Frameworks */ = {
			isa = PBXFrameworksBuildPhase;
			buildActionMask = 2147483647;
			files = (
			);
			runOnlyForDeploymentPostprocessing = 0;
		};
/* End PBXFrameworksBuildPhase section */

/* Begin PBXGroup section */
		2537D80B1B058B40007FEEE1 = {
			isa = PBXGroup;
			children = (
				2537D8161B058B40007FEEE1 /* rty */,
				2537D8301B058B40007FEEE1 /* rtyTests */,
				2537D8151B058B40007FEEE1 /* Products */,
			);
			sourceTree = "<group>";
		};
		2537D8151B058B40007FEEE1 /* Products */ = {
			isa = PBXGroup;
			children = (
				2537D8141B058B40007FEEE1 /* rty.app */,
				2537D82D1B058B40007FEEE1 /* rtyTests.xctest */,
			);
			name = Products;
			sourceTree = "<group>";
		};
		2537D8161B058B40007FEEE1 /* rty */ = {
			isa = PBXGroup;
			children = (
				2537D83D1B05A20D007FEEE1 /* Images */,
				2537D81B1B058B40007FEEE1 /* AppDelegate.h */,
				2537D81C1B058B40007FEEE1 /* AppDelegate.m */,
				2537D81E1B058B40007FEEE1 /* ViewController.h */,
				2537D81F1B058B40007FEEE1 /* ViewController.m */,
				2537D8211B058B40007FEEE1 /* Main.storyboard */,
				2537D8241B058B40007FEEE1 /* Images.xcassets */,
				2537D8261B058B40007FEEE1 /* LaunchScreen.xib */,
				2537D8171B058B40007FEEE1 /* Supporting Files */,
			);
			path = rty;
			sourceTree = "<group>";
		};
		2537D8171B058B40007FEEE1 /* Supporting Files */ = {
			isa = PBXGroup;
			children = (
				2537D8181B058B40007FEEE1 /* Info.plist */,
				2537D8191B058B40007FEEE1 /* main.m */,
			);
			name = "Supporting Files";
			sourceTree = "<group>";
		};
		2537D8301B058B40007FEEE1 /* rtyTests */ = {
			isa = PBXGroup;
			children = (
				2537D8331B058B40007FEEE1 /* rtyTests.m */,
				2537D8311B058B40007FEEE1 /* Supporting Files */,
			);
			path = rtyTests;
			sourceTree = "<group>";
		};
		2537D8311B058B40007FEEE1 /* Supporting Files */ = {
			isa = PBXGroup;
			children = (
				2537D8321B058B40007FEEE1 /* Info.plist */,
			);
			name = "Supporting Files";
			sourceTree = "<group>";
		};
		2537D83D1B05A20D007FEEE1 /* Images */ = {
			isa = PBXGroup;
			children = (
				2537D83E1B05A266007FEEE1 /* beastmaster.png */,
				2537D83F1B05A266007FEEE1 /* chaos_knight.png */,
				2537D8401B05A266007FEEE1 /* clinkz.png */,
				2537D8411B05A266007FEEE1 /* dragon_knight.png */,
				2537D8421B05A266007FEEE1 /* earthshaker.png */,
				2537D8431B05A266007FEEE1 /* life_stealer.png */,
				2537D8441B05A266007FEEE1 /* lina.png */,
				2537D8451B05A266007FEEE1 /* phoenix.png */,
				2537D8461B05A266007FEEE1 /* techies.png */,
			);
			name = Images;
			sourceTree = "<group>";
		};
/* End PBXGroup section */

/* Begin PBXNativeTarget section */
		2537D8131B058B40007FEEE1 /* rty */ = {
			isa = PBXNativeTarget;
			buildConfigurationList = 2537D8371B058B40007FEEE1 /* Build configuration list for PBXNativeTarget "rty" */;
			buildPhases = (
				2537D8101B058B40007FEEE1 /* Sources */,
				2537D8111B058B40007FEEE1 /* Frameworks */,
				2537D8121B058B40007FEEE1 /* Resources */,
			);
			buildRules = (
			);
			dependencies = (
			);
			name = rty;
			productName = rty;
			productReference = 2537D8141B058B40007FEEE1 /* rty.app */;
			productType = "com.apple.product-type.application";
		};
		2537D82C1B058B40007FEEE1 /* rtyTests */ = {
			isa = PBXNativeTarget;
			buildConfigurationList = 2537D83A1B058B40007FEEE1 /* Build configuration list for PBXNativeTarget "rtyTests" */;
			buildPhases = (
				2537D8291B058B40007FEEE1 /* Sources */,
				2537D82A1B058B40007FEEE1 /* Frameworks */,
				2537D82B1B058B40007FEEE1 /* Resources */,
			);
			buildRules = (
			);
			dependencies = (
				2537D82F1B058B40007FEEE1 /* PBXTargetDependency */,
			);
			name = rtyTests;
			productName = rtyTests;
			productReference = 2537D82D1B058B40007FEEE1 /* rtyTests.xctest */;
			productType = "com.apple.product-type.bundle.unit-test";
		};
/* End PBXNativeTarget section */

/* Begin PBXProject section */
		2537D80C1B058B40007FEEE1 /* Project object */ = {
			isa = PBXProject;
			attributes = {
				LastUpgradeCheck = 0610;
				ORGANIZATIONNAME = qwe;
				TargetAttributes = {
					2537D8131B058B40007FEEE1 = {
						CreatedOnToolsVersion = 6.1.1;
					};
					2537D82C1B058B40007FEEE1 = {
						CreatedOnToolsVersion = 6.1.1;
						TestTargetID = 2537D8131B058B40007FEEE1;
					};
				};
			};
			buildConfigurationList = 2537D80F1B058B40007FEEE1 /* Build configuration list for PBXProject "rty" */;
			compatibilityVersion = "Xcode 3.2";
			developmentRegion = English;
			hasScannedForEncodings = 0;
			knownRegions = (
				en,
				Base,
			);
			mainGroup = 2537D80B1B058B40007FEEE1;
			productRefGroup = 2537D8151B058B40007FEEE1 /* Products */;
			projectDirPath = "";
			projectRoot = "";
			targets = (
				2537D8131B058B40007FEEE1 /* rty */,
				2537D82C1B058B40007FEEE1 /* rtyTests */,
			);
		};
/* End PBXProject section */

/* Begin PBXResourcesBuildPhase section */
		2537D8121B058B40007FEEE1 /* Resources */ = {
			isa = PBXResourcesBuildPhase;
			buildActionMask = 2147483647;
			files = (
				2537D84E1B05A266007FEEE1 /* phoenix.png in Resources */,
				2537D8481B05A266007FEEE1 /* chaos_knight.png in Resources */,
				2537D84D1B05A266007FEEE1 /* lina.png in Resources */,
				2537D8231B058B40007FEEE1 /* Main.storyboard in Resources */,
				2537D8491B05A266007FEEE1 /* clinkz.png in Resources */,
				2537D8471B05A266007FEEE1 /* beastmaster.png in Resources */,
				2537D84B1B05A266007FEEE1 /* earthshaker.png in Resources */,
				2537D84C1B05A266007FEEE1 /* life_stealer.png in Resources */,
				2537D84A1B05A266007FEEE1 /* dragon_knight.png in Resources */,
				2537D8281B058B40007FEEE1 /* LaunchScreen.xib in Resources */,
				2537D8251B058B40007FEEE1 /* Images.xcassets in Resources */,
				2537D84F1B05A266007FEEE1 /* techies.png in Resources */,
			);
			runOnlyForDeploymentPostprocessing = 0;
		};
		2537D82B1B058B40007FEEE1 /* Resources */ = {
			isa = PBXResourcesBuildPhase;
			buildActionMask = 2147483647;
			files = (
			);
			runOnlyForDeploymentPostprocessing = 0;
		};
/* End PBXResourcesBuildPhase section */

/* Begin PBXSourcesBuildPhase section */
		2537D8101B058B40007FEEE1 /* Sources */ = {
			isa = PBXSourcesBuildPhase;
			buildActionMask = 2147483647;
			files = (
				2537D8201B058B40007FEEE1 /* ViewController.m in Sources */,
				2537D81D1B058B40007FEEE1 /* AppDelegate.m in Sources */,
				2537D81A1B058B40007FEEE1 /* main.m in Sources */,
			);
			runOnlyForDeploymentPostprocessing = 0;
		};
		2537D8291B058B40007FEEE1 /* Sources */ = {
			isa = PBXSourcesBuildPhase;
			buildActionMask = 2147483647;
			files = (
				2537D8341B058B40007FEEE1 /* rtyTests.m in Sources */,
			);
			runOnlyForDeploymentPostprocessing = 0;
		};
/* End PBXSourcesBuildPhase section */

/* Begin PBXTargetDependency section */
		2537D82F1B058B40007FEEE1 /* PBXTargetDependency */ = {
			isa = PBXTargetDependency;
			target = 2537D8131B058B40007FEEE1 /* rty */;
			targetProxy = 2537D82E1B058B40007FEEE1 /* PBXContainerItemProxy */;
		};
/* End PBXTargetDependency section */

/* Begin PBXVariantGroup section */
		2537D8211B058B40007FEEE1 /* Main.storyboard */ = {
			isa = PBXVariantGroup;
			children = (
				2537D8221B058B40007FEEE1 /* Base */,
			);
			name = Main.storyboard;
			sourceTree = "<group>";
		};
		2537D8261B058B40007FEEE1 /* LaunchScreen.xib */ = {
			isa = PBXVariantGroup;
			children = (
				2537D8271B058B40007FEEE1 /* Base */,
			);
			name = LaunchScreen.xib;
			sourceTree = "<group>";
		};
/* End PBXVariantGroup section */

/* Begin XCBuildConfiguration section */
		2537D8351B058B40007FEEE1 /* Debug */ = {
			isa = XCBuildConfiguration;
			buildSettings = {
				ALWAYS_SEARCH_USER_PATHS = NO;
				CLANG_CXX_LANGUAGE_STANDARD = "gnu++0x";
				CLANG_CXX_LIBRARY = "libc++";
				CLANG_ENABLE_MODULES = YES;
				CLANG_ENABLE_OBJC_ARC = YES;
				CLANG_WARN_BOOL_CONVERSION = YES;
				CLANG_WARN_CONSTANT_CONVERSION = YES;
				CLANG_WARN_DIRECT_OBJC_ISA_USAGE = YES_ERROR;
				CLANG_WARN_EMPTY_BODY = YES;
				CLANG_WARN_ENUM_CONVERSION = YES;
				CLANG_WARN_INT_CONVERSION = YES;
				CLANG_WARN_OBJC_ROOT_CLASS = YES_ERROR;
				CLANG_WARN_UNREACHABLE_CODE = YES;
				CLANG_WARN__DUPLICATE_METHOD_MATCH = YES;
				"CODE_SIGN_IDENTITY[sdk=iphoneos*]" = "iPhone Developer";
				COPY_PHASE_STRIP = NO;
				ENABLE_STRICT_OBJC_MSGSEND = YES;
				GCC_C_LANGUAGE_STANDARD = gnu99;
				GCC_DYNAMIC_NO_PIC = NO;
				GCC_OPTIMIZATION_LEVEL = 0;
				GCC_PREPROCESSOR_DEFINITIONS = (
					"DEBUG=1",
					"$(inherited)",
				);
				GCC_SYMBOLS_PRIVATE_EXTERN = NO;
				GCC_WARN_64_TO_32_BIT_CONVERSION = YES;
				GCC_WARN_ABOUT_RETURN_TYPE = YES_ERROR;
				GCC_WARN_UNDECLARED_SELECTOR = YES;
				GCC_WARN_UNINITIALIZED_AUTOS = YES_AGGRESSIVE;
				GCC_WARN_UNUSED_FUNCTION = YES;
				GCC_WARN_UNUSED_VARIABLE = YES;
				IPHONEOS_DEPLOYMENT_TARGET = 8.1;
				MTL_ENABLE_DEBUG_INFO = YES;
				ONLY_ACTIVE_ARCH = YES;
				SDKROOT = iphoneos;
				TARGETED_DEVICE_FAMILY = "1,2";
			};
			name = Debug;
		};
		2537D8361B058B40007FEEE1 /* Release */ = {
			isa = XCBuildConfiguration;
			buildSettings = {
				ALWAYS_SEARCH_USER_PATHS = NO;
				CLANG_CXX_LANGUAGE_STANDARD = "gnu++0x";
				CLANG_CXX_LIBRARY = "libc++";
				CLANG_ENABLE_MODULES = YES;
				CLANG_ENABLE_OBJC_ARC = YES;
				CLANG_WARN_BOOL_CONVERSION = YES;
				CLANG_WARN_CONSTANT_CONVERSION = YES;
				CLANG_WARN_DIRECT_OBJC_ISA_USAGE = YES_ERROR;
				CLANG_WARN_EMPTY_BODY = YES;
				CLANG_WARN_ENUM_CONVERSION = YES;
				CLANG_WARN_INT_CONVERSION = YES;
				CLANG_WARN_OBJC_ROOT_CLASS = YES_ERROR;
				CLANG_WARN_UNREACHABLE_CODE = YES;
				CLANG_WARN__DUPLICATE_METHOD_MATCH = YES;
				"CODE_SIGN_IDENTITY[sdk=iphoneos*]" = "iPhone Developer";
				COPY_PHASE_STRIP = YES;
				ENABLE_NS_ASSERTIONS = NO;
				ENABLE_STRICT_OBJC_MSGSEND = YES;
				GCC_C_LANGUAGE_STANDARD = gnu99;
				GCC_WARN_64_TO_32_BIT_CONVERSION = YES;
				GCC_WARN_ABOUT_RETURN_TYPE = YES_ERROR;
				GCC_WARN_UNDECLARED_SELECTOR = YES;
				GCC_WARN_UNINITIALIZED_AUTOS = YES_AGGRESSIVE;
				GCC_WARN_UNUSED_FUNCTION = YES;
				GCC_WARN_UNUSED_VARIABLE = YES;
				IPHONEOS_DEPLOYMENT_TARGET = 8.1;
				MTL_ENABLE_DEBUG_INFO = NO;
				SDKROOT = iphoneos;
				TARGETED_DEVICE_FAMILY = "1,2";
				VALIDATE_PRODUCT = YES;
			};
			name = Release;
		};
		2537D8381B058B40007FEEE1 /* Debug */ = {
			isa = XCBuildConfiguration;
			buildSettings = {
				ASSETCATALOG_COMPILER_APPICON_NAME = AppIcon;
				INFOPLIST_FILE = rty/Info.plist;
				LD_RUNPATH_SEARCH_PATHS = "$(inherited) @executable_path/Frameworks";
				PRODUCT_NAME = "$(TARGET_NAME)";
			};
			name = Debug;
		};
		2537D8391B058B40007FEEE1 /* Release */ = {
			isa = XCBuildConfiguration;
			buildSettings = {
				ASSETCATALOG_COMPILER_APPICON_NAME = AppIcon;
				INFOPLIST_FILE = rty/Info.plist;
				LD_RUNPATH_SEARCH_PATHS = "$(inherited) @executable_path/Frameworks";
				PRODUCT_NAME = "$(TARGET_NAME)";
			};
			name = Release;
		};
		2537D83B1B058B40007FEEE1 /* Debug */ = {
			isa = XCBuildConfiguration;
			buildSettings = {
				BUNDLE_LOADER = "$(TEST_HOST)";
				FRAMEWORK_SEARCH_PATHS = (
					"$(SDKROOT)/Developer/Library/Frameworks",
					"$(inherited)",
				);
				GCC_PREPROCESSOR_DEFINITIONS = (
					"DEBUG=1",
					"$(inherited)",
				);
				INFOPLIST_FILE = rtyTests/Info.plist;
				LD_RUNPATH_SEARCH_PATHS = "$(inherited) @executable_path/Frameworks @loader_path/Frameworks";
				PRODUCT_NAME = "$(TARGET_NAME)";
				TEST_HOST = "$(BUILT_PRODUCTS_DIR)/rty.app/rty";
			};
			name = Debug;
		};
		2537D83C1B058B40007FEEE1 /* Release */ = {
			isa = XCBuildConfiguration;
			buildSettings = {
				BUNDLE_LOADER = "$(TEST_HOST)";
				FRAMEWORK_SEARCH_PATHS = (
					"$(SDKROOT)/Developer/Library/Frameworks",
					"$(inherited)",
				);
				INFOPLIST_FILE = rtyTests/Info.plist;
				LD_RUNPATH_SEARCH_PATHS = "$(inherited) @executable_path/Frameworks @loader_path/Frameworks";
				PRODUCT_NAME = "$(TARGET_NAME)";
				TEST_HOST = "$(BUILT_PRODUCTS_DIR)/rty.app/rty";
			};
			name = Release;
		};
/* End XCBuildConfiguration section */

/* Begin XCConfigurationList section */
		2537D80F1B058B40007FEEE1 /* Build configuration list for PBXProject "rty" */ = {
			isa = XCConfigurationList;
			buildConfigurations = (
				2537D8351B058B40007FEEE1 /* Debug */,
				2537D8361B058B40007FEEE1 /* Release */,
			);
			defaultConfigurationIsVisible = 0;
			defaultConfigurationName = Release;
		};
		2537D8371B058B40007FEEE1 /* Build configuration list for PBXNativeTarget "rty" */ = {
			isa = XCConfigurationList;
			buildConfigurations = (
				2537D8381B058B40007FEEE1 /* Debug */,
				2537D8391B058B40007FEEE1 /* Release */,
			);
			defaultConfigurationIsVisible = 0;
		};
		2537D83A1B058B40007FEEE1 /* Build configuration list for PBXNativeTarget "rtyTests" */ = {
			isa = XCConfigurationList;
			buildConfigurations = (
				2537D83B1B058B40007FEEE1 /* Debug */,
				2537D83C1B058B40007FEEE1 /* Release */,
			);
			defaultConfigurationIsVisible = 0;
		};
/* End XCConfigurationList section */
	};
	rootObject = 2537D80C1B058B40007FEEE1 /* Project object */;
}
